
Microsoft Visual Studio Solution File, Format Version 12.00
# Visual Studio 14
VisualStudioVersion = 14.0.24720.0
MinimumVisualStudioVersion = 10.0.40219.1
Project("{FAE04EC0-301F-11D3-BF4B-00C04F79EFBC}") = "RP.Web.LocationService", "RP.Web.LocationService\RP.Web.LocationService.csproj", "{FE6268DC-8307-43B9-A30B-69FD38DC6889}"
EndProject
Project("{2150E333-8FDC-42A3-9474-1A3956D46DE8}") = "demo", "demo", "{9A465E4A-A05D-4AE6-BE65-B978D1299962}"
	ProjectSection(SolutionItems) = preProject
		..\..\demo\test.html = ..\..\demo\test.html
	EndProjectSection
EndProject
Project("{2150E333-8FDC-42A3-9474-1A3956D46DE8}") = "sql", "sql", "{281FFD80-073A-4991-9017-C810DA5EC632}"
	ProjectSection(SolutionItems) = preProject
		..\..\sql\DatabaseSetup.sql = ..\..\sql\DatabaseSetup.sql
	EndProjectSection
EndProject
Global
	GlobalSection(SolutionConfigurationPlatforms) = preSolution
		Debug|Any CPU = Debug|Any CPU
		Release|Any CPU = Release|Any CPU
	EndGlobalSection
	GlobalSection(ProjectConfigurationPlatforms) = postSolution
		{FE6268DC-8307-43B9-A30B-69FD38DC6889}.Debug|Any CPU.ActiveCfg = Debug|Any CPU
		{FE6268DC-8307-43B9-A30B-69FD38DC6889}.Debug|Any CPU.Build.0 = Debug|Any CPU
		{FE6268DC-8307-43B9-A30B-69FD38DC6889}.Release|Any CPU.ActiveCfg = Release|Any CPU
		{FE6268DC-8307-43B9-A30B-69FD38DC6889}.Release|Any CPU.Build.0 = Release|Any CPU
	EndGlobalSection
	GlobalSection(SolutionProperties) = preSolution
		HideSolutionNode = FALSE
	EndGlobalSection
EndGlobal
